{
  "requires": true,
  "lockfileVersion": 1,
  "dependencies": {
    "@discordjs/collection": {
      "version": "0.1.6",
      "resolved": "https://registry.npmjs.org/@discordjs/collection/-/collection-0.1.6.tgz",
      "integrity": "sha512-utRNxnd9kSS2qhyivo9lMlt5qgAUasH2gb7BEOn6p0efFh24gjGomHzWKMAPn2hEReOPQZCJaRKoURwRotKucQ=="
    },
    "@discordjs/form-data": {
      "version": "3.0.1",
      "resolved": "https://registry.npmjs.org/@discordjs/form-data/-/form-data-3.0.1.tgz",
      "integrity": "sha512-ZfFsbgEXW71Rw/6EtBdrP5VxBJy4dthyC0tpQKGKmYFImlmmrykO14Za+BiIVduwjte0jXEBlhSKf0MWbFp9Eg==",
      "requires": {
        "asynckit": "^0.4.0",
        "combined-stream": "^1.0.8",
        "mime-types": "^2.1.12"
      }
    },
    "abort-controller": {
      "version": "3.0.0",
      "resolved": "https://registry.npmjs.org/abort-controller/-/abort-controller-3.0.0.tgz",
      "integrity": "sha512-h8lQ8tacZYnR3vNQTgibj+tODHI5/+l06Au2Pcriv/Gmet0eaj4TwWH41sO9wnHDiQsEj19q0drzdWdeAHtweg==",
      "requires": {
        "event-target-shim": "^5.0.0"
      }
    },
    "ansi-escape-sequences": {
      "version": "5.1.2",
      "resolved": "https://registry.npmjs.org/ansi-escape-sequences/-/ansi-escape-sequences-5.1.2.tgz",
      "integrity": "sha512-JcpoVp1W1bl1Qn4cVuiXEhD6+dyXKSOgCn2zlzE8inYgCJCBy1aPnUhlz6I4DFum8D4ovb9Qi/iAjUcGvG2lqw==",
      "requires": {
        "array-back": "^4.0.0"
      }
    },
    "ansi-regex": {
      "version": "5.0.0",
      "resolved": "https://registry.npmjs.org/ansi-regex/-/ansi-regex-5.0.0.tgz",
      "integrity": "sha512-bY6fj56OUQ0hU1KjFNDQuJFezqKdrAyFdIevADiqrWHwSlbmBNMHp5ak2f40Pm8JTFyM2mqxkG6ngkHO11f/lg=="
    },
    "ansi-styles": {
      "version": "4.3.0",
      "resolved": "https://registry.npmjs.org/ansi-styles/-/ansi-styles-4.3.0.tgz",
      "integrity": "sha512-zbB9rCJAT1rbjiVDb2hqKFHNYLxgtk8NURxZ3IZwD3F6NtxbXZQCnnSi1Lkx+IDohdPlFp222wVALIheZJQSEg==",
      "requires": {
        "color-convert": "^2.0.1"
      }
    },
    "array-back": {
      "version": "4.0.1",
      "resolved": "https://registry.npmjs.org/array-back/-/array-back-4.0.1.tgz",
      "integrity": "sha512-Z/JnaVEXv+A9xabHzN43FiiiWEE7gPCRXMrVmRm00tWbjZRul1iHm7ECzlyNq1p4a4ATXz+G9FJ3GqGOkOV3fg=="
    },
    "asynckit": {
      "version": "0.4.0",
      "resolved": "https://registry.npmjs.org/asynckit/-/asynckit-0.4.0.tgz",
      "integrity": "sha1-x57Zf380y48robyXkLzDZkdLS3k="
    },
    "browser-resolve": {
      "version": "1.11.3",
      "resolved": "https://registry.npmjs.org/browser-resolve/-/browser-resolve-1.11.3.tgz",
      "integrity": "sha512-exDi1BYWB/6raKHmDTCicQfTkqwN5fioMFV4j8BsfMU4R2DK/QfZfK7kOVkmWCNANf0snkBzqGqAJBao9gZMdQ==",
      "requires": {
        "resolve": "1.1.7"
      }
    },
    "chalk": {
      "version": "4.1.0",
      "resolved": "https://registry.npmjs.org/chalk/-/chalk-4.1.0.tgz",
      "integrity": "sha512-qwx12AxXe2Q5xQ43Ac//I6v5aXTipYrSESdOgzrN+9XjgEpyjpKuvSGaN4qE93f7TQTlerQQ8S+EQ0EyDoVL1A==",
      "requires": {
        "ansi-styles": "^4.1.0",
        "supports-color": "^7.1.0"
      }
    },
    "cli-progress": {
      "version": "3.9.0",
      "resolved": "https://registry.npmjs.org/cli-progress/-/cli-progress-3.9.0.tgz",
      "integrity": "sha512-g7rLWfhAo/7pF+a/STFH/xPyosaL1zgADhI0OM83hl3c7S43iGvJWEAV2QuDOnQ8i6EMBj/u4+NTd0d5L+4JfA==",
      "requires": {
        "colors": "^1.1.2",
        "string-width": "^4.2.0"
      }
    },
    "color-convert": {
      "version": "2.0.1",
      "resolved": "https://registry.npmjs.org/color-convert/-/color-convert-2.0.1.tgz",
      "integrity": "sha512-RRECPsj7iu/xb5oKYcsFHSppFNnsj/52OVTRKb4zP5onXwVF3zVmmToNcOfGC+CRDpfK/U584fMg38ZHCaElKQ==",
      "requires": {
        "color-name": "~1.1.4"
      }
    },
    "color-name": {
      "version": "1.1.4",
      "resolved": "https://registry.npmjs.org/color-name/-/color-name-1.1.4.tgz",
      "integrity": "sha512-dOy+3AuW3a2wNbZHIuMZpTcgjGuLU/uBL/ubcZF9OXbDo8ff4O8yVp5Bf0efS8uEoYo5q4Fx7dY9OgQGXgAsQA=="
    },
    "colors": {
      "version": "1.4.0",
      "resolved": "https://registry.npmjs.org/colors/-/colors-1.4.0.tgz",
      "integrity": "sha512-a+UqTh4kgZg/SlGvfbzDHpgRu7AAQOmmqRHJnxhRZICKFUT91brVhNNt58CMWU9PsBbv3PDCZUHbVxuDiH2mtA=="
    },
    "combined-stream": {
      "version": "1.0.8",
      "resolved": "https://registry.npmjs.org/combined-stream/-/combined-stream-1.0.8.tgz",
      "integrity": "sha512-FQN4MRfuJeHf7cBbBMJFXhKSDq+2kAArBlmRBvcvFE5BB1HZKXtSFASDhdlz9zOYwxh8lDdnvmMOe/+5cdoEdg==",
      "requires": {
        "delayed-stream": "~1.0.0"
      }
    },
    "commander": {
      "version": "6.2.1",
      "resolved": "https://registry.npmjs.org/commander/-/commander-6.2.1.tgz",
      "integrity": "sha512-U7VdrJFnJgo4xjrHpTzu0yrHPGImdsmD95ZlgYSEajAn2JKzDhDTPG9kBTefmObL2w/ngeZnilk+OV9CG3d7UA=="
    },
    "common-tags": {
      "version": "1.8.0",
      "resolved": "https://registry.npmjs.org/common-tags/-/common-tags-1.8.0.tgz",
      "integrity": "sha512-6P6g0uetGpW/sdyUy/iQQCbFF0kWVMSIVSyYz7Zgjcgh8mgw8PQzDNZeyZ5DQ2gM7LBoZPHmnjz8rUthkBG5tw=="
    },
    "dateformat": {
      "version": "4.5.1",
      "resolved": "https://registry.npmjs.org/dateformat/-/dateformat-4.5.1.tgz",
      "integrity": "sha512-OD0TZ+B7yP7ZgpJf5K2DIbj3FZvFvxgFUuaqA/V5zTjAtAAXZ1E8bktHxmAGs4x5b7PflqA9LeQ84Og7wYtF7Q=="
    },
    "debug": {
      "version": "4.3.1",
      "resolved": "https://registry.npmjs.org/debug/-/debug-4.3.1.tgz",
      "integrity": "sha512-doEwdvm4PCeK4K3RQN2ZC2BYUBaxwLARCqZmMjtF8a51J2Rb0xpVloFRnCODwqjpwnAoao4pelN8l3RJdv3gRQ==",
      "requires": {
        "ms": "2.1.2"
      }
    },
    "delayed-stream": {
      "version": "1.0.0",
      "resolved": "https://registry.npmjs.org/delayed-stream/-/delayed-stream-1.0.0.tgz",
      "integrity": "sha1-3zrhmayt+31ECqrgsp4icrJOxhk="
    },
    "discord.js": {
      "version": "12.5.1",
      "resolved": "https://registry.npmjs.org/discord.js/-/discord.js-12.5.1.tgz",
      "integrity": "sha512-VwZkVaUAIOB9mKdca0I5MefPMTQJTNg0qdgi1huF3iwsFwJ0L5s/Y69AQe+iPmjuV6j9rtKoG0Ta0n9vgEIL6w==",
      "requires": {
        "@discordjs/collection": "^0.1.6",
        "@discordjs/form-data": "^3.0.1",
        "abort-controller": "^3.0.0",
        "node-fetch": "^2.6.1",
        "prism-media": "^1.2.2",
        "setimmediate": "^1.0.5",
        "tweetnacl": "^1.0.3",
        "ws": "^7.3.1"
      }
    },
    "discord.js-commando": {
      "version": "0.12.0",
      "resolved": "https://registry.npmjs.org/discord.js-commando/-/discord.js-commando-0.12.0.tgz",
      "integrity": "sha512-AY4nAG8ltp0ZNZ7ggUZ0rg/d0tTO4t5Mq5OruJylo0AyWaAR5fMj2Mt+eApyURQ1PHdlpmj7GhqrMGEsnIXvUg==",
      "requires": {
        "common-tags": "^1.8.0",
        "emoji-regex": "^9.2.0",
        "is-promise": "^4.0.0",
        "require-all": "^3.0.0"
      },
      "dependencies": {
        "emoji-regex": {
          "version": "9.2.1",
          "resolved": "https://registry.npmjs.org/emoji-regex/-/emoji-regex-9.2.1.tgz",
          "integrity": "sha512-117l1H6U4X3Krn+MrzYrL57d5H7siRHWraBs7s+LjRuFK7Fe7hJqnJ0skWlinqsycVLU5YAo6L8CsEYQ0V5prg=="
        }
      }
    },
    "eastasianwidth": {
      "version": "0.2.0",
      "resolved": "https://registry.npmjs.org/eastasianwidth/-/eastasianwidth-0.2.0.tgz",
      "integrity": "sha512-I88TYZWc9XiYHRQ4/3c5rjjfgkjhLyW2luGIheGERbNQ6OY7yTybanSpDXZa8y7VUP9YmDcYa+eyq4ca7iLqWA=="
    },
    "emoji-regex": {
      "version": "8.0.0",
      "resolved": "https://registry.npmjs.org/emoji-regex/-/emoji-regex-8.0.0.tgz",
      "integrity": "sha512-MSjYzcWNOA0ewAHpz0MxpYFvwg6yjy1NG3xteoqz644VCo/RPgnr1/GGt+ic3iJTzQ8Eu3TdM14SawnVUmGE6A=="
    },
    "event-target-shim": {
      "version": "5.0.1",
      "resolved": "https://registry.npmjs.org/event-target-shim/-/event-target-shim-5.0.1.tgz",
      "integrity": "sha512-i/2XbnSz/uxRCU6+NdVJgKWDTM427+MqYbkQzD321DuCQJUqOuJKIA0IM2+W2xtYHdKOmZ4dR6fExsd4SXL+WQ=="
    },
    "ffmpeg": {
      "version": "0.0.4",
      "resolved": "https://registry.npmjs.org/ffmpeg/-/ffmpeg-0.0.4.tgz",
      "integrity": "sha1-HEYN+OfaUSf2LO70v6BsWciWMMs=",
      "requires": {
        "when": ">= 0.0.1"
      }
    },
    "fs": {
      "version": "0.0.1-security",
      "resolved": "https://registry.npmjs.org/fs/-/fs-0.0.1-security.tgz",
      "integrity": "sha1-invTcYa23d84E/I4WLV+yq9eQdQ="
    },
    "has-flag": {
      "version": "4.0.0",
      "resolved": "https://registry.npmjs.org/has-flag/-/has-flag-4.0.0.tgz",
      "integrity": "sha512-EykJT/Q1KjTWctppgIAgfSO0tKVuZUjhgMr17kqTumMl6Afv3EISleU7qZUzoXDFTAHTDC4NOoG/ZxU3EvlMPQ=="
    },
    "hash-arg": {
      "version": "1.0.3",
      "resolved": "https://registry.npmjs.org/hash-arg/-/hash-arg-1.0.3.tgz",
      "integrity": "sha512-BUvgqsnHlEupirIUo/pyaeodQ4gEP4b5aC/HgOvQcy7MMOhXrQjImcM+jupDNwBZDLxXpD04CufZQN32g1LdfQ=="
    },
    "homedir": {
      "version": "0.6.0",
      "resolved": "https://registry.npmjs.org/homedir/-/homedir-0.6.0.tgz",
      "integrity": "sha1-KyHbZr8Ipts4JJo+/1LX0YcGrx4="
    },
    "is-fullwidth-code-point": {
      "version": "3.0.0",
      "resolved": "https://registry.npmjs.org/is-fullwidth-code-point/-/is-fullwidth-code-point-3.0.0.tgz",
      "integrity": "sha512-zymm5+u+sCsSWyD9qNaejV3DFvhCKclKdizYaJUuHA83RLjb7nSuGnddCHGv0hk+KY7BMAlsWeK4Ueg6EV6XQg=="
    },
    "is-promise": {
      "version": "4.0.0",
      "resolved": "https://registry.npmjs.org/is-promise/-/is-promise-4.0.0.tgz",
      "integrity": "sha512-hvpoI6korhJMnej285dSg6nu1+e6uxs7zG3BYAm5byqDsgJNWwxzM6z6iZiAgQR4TJ30JmBTOwqZUw3WlyH3AQ=="
    },
    "js": {
      "version": "0.1.0",
      "resolved": "https://registry.npmjs.org/js/-/js-0.1.0.tgz",
      "integrity": "sha1-4dCv1V6jnCso2jBOgUPq8sEz82Y=",
      "requires": {
        "commander": "~1.1.1"
      },
      "dependencies": {
        "commander": {
          "version": "1.1.1",
          "resolved": "https://registry.npmjs.org/commander/-/commander-1.1.1.tgz",
          "integrity": "sha1-UNFlGGiuYOzP8KLZ80WVN2vGsEE=",
          "requires": {
            "keypress": "0.1.x"
          }
        }
      }
    },
    "keypress": {
      "version": "0.1.0",
      "resolved": "https://registry.npmjs.org/keypress/-/keypress-0.1.0.tgz",
      "integrity": "sha1-SjGI1CkbZrT2XtuZ+AaqmuKTWSo="
    },
    "list-it": {
      "version": "1.3.7",
      "resolved": "https://registry.npmjs.org/list-it/-/list-it-1.3.7.tgz",
      "integrity": "sha512-a75ZgJGoGfHM6wo+tW8DFoMSm24pq1cJkZkvbzjZ/rpfe3a0djdgOoEd8MlgDeioBiCscZnvfL97gcR22xb+Vw==",
      "requires": {
        "ansi-escape-sequences": "^5.1.2",
        "debug": "^4.2.0",
        "eastasianwidth": "^0.2.0",
        "hash-arg": "^1.0.3",
        "node-getopt": "^0.3.2"
      }
    },
    "lodash.throttle": {
      "version": "4.1.1",
      "resolved": "https://registry.npmjs.org/lodash.throttle/-/lodash.throttle-4.1.1.tgz",
      "integrity": "sha1-wj6RtxAkKscMN/HhzaknTMOb8vQ="
    },
    "m3u8stream": {
      "version": "0.8.3",
      "resolved": "https://registry.npmjs.org/m3u8stream/-/m3u8stream-0.8.3.tgz",
      "integrity": "sha512-0nAcdrF8YJKUkb6PzWdvGftTPyCVWgoiot1AkNVbPKTeIGsWs6DrOjifrJ0Zi8WQfQmD2SuVCjkYIOip12igng==",
      "requires": {
        "miniget": "^4.0.0",
        "sax": "^1.2.4"
      }
    },
    "mime-db": {
      "version": "1.45.0",
      "resolved": "https://registry.npmjs.org/mime-db/-/mime-db-1.45.0.tgz",
      "integrity": "sha512-CkqLUxUk15hofLoLyljJSrukZi8mAtgd+yE5uO4tqRZsdsAJKv0O+rFMhVDRJgozy+yG6md5KwuXhD4ocIoP+w=="
    },
    "mime-types": {
      "version": "2.1.28",
      "resolved": "https://registry.npmjs.org/mime-types/-/mime-types-2.1.28.tgz",
      "integrity": "sha512-0TO2yJ5YHYr7M2zzT7gDU1tbwHxEUWBCLt0lscSNpcdAfFyJOVEpRYNS7EXVcTLNj/25QO8gulHC5JtTzSE2UQ==",
      "requires": {
        "mime-db": "1.45.0"
      }
    },
    "miniget": {
      "version": "4.1.0",
      "resolved": "https://registry.npmjs.org/miniget/-/miniget-4.1.0.tgz",
      "integrity": "sha512-kzhrNv5L7LlomwGmPGQsLQ2PnT1LeJJWfB0wNFGyv426gEM1gsfziBQmfkr6XOBA8EusZg9nowlNT5CbuKTjZg=="
    },
    "ms": {
      "version": "2.1.2",
      "resolved": "https://registry.npmjs.org/ms/-/ms-2.1.2.tgz",
      "integrity": "sha512-sGkPx+VjMtmA6MX27oA4FBFELFCZZ4S4XqeGOXCv68tT+jb3vk/RyaKWP0PTKyWtmLSM0b+adUTEvbs1PEaH2w=="
    },
    "node-fetch": {
      "version": "2.6.1",
      "resolved": "https://registry.npmjs.org/node-fetch/-/node-fetch-2.6.1.tgz",
      "integrity": "sha512-V4aYg89jEoVRxRb2fJdAg8FHvI7cEyYdVAh94HH0UIK8oJxUfkjlDQN9RbMx+bEjP7+ggMiFRprSti032Oipxw=="
    },
    "node-getopt": {
      "version": "0.3.2",
      "resolved": "https://registry.npmjs.org/node-getopt/-/node-getopt-0.3.2.tgz",
      "integrity": "sha512-yqkmYrMbK1wPrfz7mgeYvA4tBperLg9FQ4S3Sau3nSAkpOA0x0zC8nQ1siBwozy1f4SE8vq2n1WKv99r+PCa1Q=="
    },
    "prism-media": {
      "version": "1.2.3",
      "resolved": "https://registry.npmjs.org/prism-media/-/prism-media-1.2.3.tgz",
      "integrity": "sha512-fSrR66n0l6roW9Rx4rSLMyTPTjRTiXy5RVqDOurACQ6si1rKHHKDU5gwBJoCsIV0R3o9gi+K50akl/qyw1C74A=="
    },
    "require-all": {
      "version": "3.0.0",
      "resolved": "https://registry.npmjs.org/require-all/-/require-all-3.0.0.tgz",
      "integrity": "sha1-Rz1JcEvjEBFc4ST3c4Ox69hnExI="
    },
    "resolve": {
      "version": "1.1.7",
      "resolved": "https://registry.npmjs.org/resolve/-/resolve-1.1.7.tgz",
      "integrity": "sha1-IDEU2CrSxe2ejgQRs5ModeiJ6Xs="
    },
    "sanitize-filename": {
      "version": "1.6.3",
      "resolved": "https://registry.npmjs.org/sanitize-filename/-/sanitize-filename-1.6.3.tgz",
      "integrity": "sha512-y/52Mcy7aw3gRm7IrcGDFx/bCk4AhRh2eI9luHOQM86nZsqwiRkkq2GekHXBBD+SmPidc8i2PqtYZl+pWJ8Oeg==",
      "requires": {
        "truncate-utf8-bytes": "^1.0.0"
      }
    },
    "sax": {
      "version": "1.2.4",
      "resolved": "https://registry.npmjs.org/sax/-/sax-1.2.4.tgz",
      "integrity": "sha512-NqVDv9TpANUjFm0N8uM5GxL36UgKi9/atZw+x7YFnQ8ckwFGKrl4xX4yWtrey3UJm5nP1kUbnYgLopqWNSRhWw=="
    },
    "setimmediate": {
      "version": "1.0.5",
      "resolved": "https://registry.npmjs.org/setimmediate/-/setimmediate-1.0.5.tgz",
      "integrity": "sha1-KQy7Iy4waULX1+qbg3Mqt4VvgoU="
    },
    "streamspeed": {
      "version": "2.0.1",
      "resolved": "https://registry.npmjs.org/streamspeed/-/streamspeed-2.0.1.tgz",
      "integrity": "sha512-j6pFynhO0nZ+1zhyTDqLLlIxM0IyCdLKMj1EUJznDA87xLE/JWSwEg3FlJWERDB72KYt5OD29ZUWxxVkMTnqWg=="
    },
    "string-width": {
      "version": "4.2.0",
      "resolved": "https://registry.npmjs.org/string-width/-/string-width-4.2.0.tgz",
      "integrity": "sha512-zUz5JD+tgqtuDjMhwIg5uFVV3dtqZ9yQJlZVfq4I01/K5Paj5UHj7VyrQOJvzawSVlKpObApbfD0Ed6yJc+1eg==",
      "requires": {
        "emoji-regex": "^8.0.0",
        "is-fullwidth-code-point": "^3.0.0",
        "strip-ansi": "^6.0.0"
      }
    },
    "strip-ansi": {
      "version": "6.0.0",
      "resolved": "https://registry.npmjs.org/strip-ansi/-/strip-ansi-6.0.0.tgz",
      "integrity": "sha512-AuvKTrTfQNYNIctbR1K/YGTR1756GycPsg7b9bdV9Duqur4gv6aKqHXah67Z8ImS7WEz5QVcOtlfW2rZEugt6w==",
      "requires": {
        "ansi-regex": "^5.0.0"
      }
    },
    "supports-color": {
      "version": "7.2.0",
      "resolved": "https://registry.npmjs.org/supports-color/-/supports-color-7.2.0.tgz",
      "integrity": "sha512-qpCAvRl9stuOHveKsn7HncJRvv501qIacKzQlO/+Lwxc9+0q2wLyv4Dfvt80/DPn2pqOBsJdDiogXGR9+OvwRw==",
      "requires": {
        "has-flag": "^4.0.0"
      }
    },
    "truncate-utf8-bytes": {
      "version": "1.0.2",
      "resolved": "https://registry.npmjs.org/truncate-utf8-bytes/-/truncate-utf8-bytes-1.0.2.tgz",
      "integrity": "sha1-QFkjkJWS1W94pYGENLC3hInKXys=",
      "requires": {
        "utf8-byte-length": "^1.0.1"
      }
    },
    "tweetnacl": {
      "version": "1.0.3",
      "resolved": "https://registry.npmjs.org/tweetnacl/-/tweetnacl-1.0.3.tgz",
      "integrity": "sha512-6rt+RN7aOi1nGMyC4Xa5DdYiukl2UWCbcJft7YhxReBGQD7OAM8Pbxw6YMo4r2diNEA8FEmu32YOn9rhaiE5yw=="
    },
    "utf8-byte-length": {
      "version": "1.0.4",
      "resolved": "https://registry.npmjs.org/utf8-byte-length/-/utf8-byte-length-1.0.4.tgz",
      "integrity": "sha1-9F8VDExm7uloGGUFq5P8u4rWv2E="
    },
    "when": {
      "version": "3.7.8",
      "resolved": "https://registry.npmjs.org/when/-/when-3.7.8.tgz",
      "integrity": "sha1-xxMLan6gRpPoQs3J56Hyqjmjn4I="
    },
    "ws": {
      "version": "7.4.2",
      "resolved": "https://registry.npmjs.org/ws/-/ws-7.4.2.tgz",
      "integrity": "sha512-T4tewALS3+qsrpGI/8dqNMLIVdq/g/85U98HPMa6F0m6xTbvhXU6RCQLqPH3+SlomNV/LdY6RXEbBpMH6EOJnA=="
    },
    "youtube-api-v3-search": {
      "version": "1.2.1",
      "resolved": "https://registry.npmjs.org/youtube-api-v3-search/-/youtube-api-v3-search-1.2.1.tgz",
      "integrity": "sha512-CsH8oqX6wZ1b82Xdd4hddx3fSHEIaU85gdYGfQXNbaHOXq5GbaHs7Pro0mEnDt5WzQ5r0eI10gqGeM2mJolJDg==",
      "requires": {
        "browser-resolve": "^1.11.3"
      }
    },
    "ytdl": {
      "version": "1.4.1",
      "resolved": "https://registry.npmjs.org/ytdl/-/ytdl-1.4.1.tgz",
      "integrity": "sha512-YJS9zRRS7Goq3yBx4jt6pk1w0CPjAaTzYX49/BEDtP4aSsF92cQTkDdA6893AjS0adEvpH79gvXUOx6K959sBw==",
      "requires": {
        "chalk": "^4.0.0",
        "cli-progress": "^3.8.2",
        "commander": "^6.1.0",
        "homedir": "^0.6.0",
        "list-it": "^1.3.3",
        "lodash.throttle": "^4.1.1",
        "sanitize-filename": "^1.6.3",
        "streamspeed": "^2.0.1",
        "ytdl-core": "^4.1.0"
      }
    },
    "ytdl-core": {
      "version": "4.4.5",
      "resolved": "https://registry.npmjs.org/ytdl-core/-/ytdl-core-4.4.5.tgz",
      "integrity": "sha512-/ugilIF2PskxNfQgkYZ/esvkp+fiB/mOPdIExW/En+1QTbq5VeTVqgf2hETTen0Co2lHMM4eRxPaczDHTmkb7A==",
      "requires": {
        "m3u8stream": "^0.8.3",
        "miniget": "^4.0.0",
        "sax": "^1.1.3"
      }
    }
  }
}
